
Microsoft Visual Studio Solution File, Format Version 12.00
# Visual Studio 15
VisualStudioVersion = 15.0.28010.2046
MinimumVisualStudioVersion = 10.0.40219.1
Project("{FAE04EC0-301F-11D3-BF4B-00C04F79EFBC}") = "FinalAssesment_PayRollSystem", "FinalAssesment_PayRollSystem\FinalAssesment_PayRollSystem.csproj", "{CACFDA43-72FC-4332-9876-758896751A20}"
EndProject
Global
	GlobalSection(SolutionConfigurationPlatforms) = preSolution
		Debug|Any CPU = Debug|Any CPU
		Release|Any CPU = Release|Any CPU
	EndGlobalSection
	GlobalSection(ProjectConfigurationPlatforms) = postSolution
		{CACFDA43-72FC-4332-9876-758896751A20}.Debug|Any CPU.ActiveCfg = Debug|Any CPU
		{CACFDA43-72FC-4332-9876-758896751A20}.Debug|Any CPU.Build.0 = Debug|Any CPU
		{CACFDA43-72FC-4332-9876-758896751A20}.Release|Any CPU.ActiveCfg = Release|Any CPU
		{CACFDA43-72FC-4332-9876-758896751A20}.Release|Any CPU.Build.0 = Release|Any CPU
	EndGlobalSection
	GlobalSection(SolutionProperties) = preSolution
		HideSolutionNode = FALSE
	EndGlobalSection
	GlobalSection(ExtensibilityGlobals) = postSolution
		SolutionGuid = {369F7EF4-2B48-4594-A220-3B00C3939C76}
	EndGlobalSection
EndGlobal
